
Microsoft Visual Studio Solution File, Format Version 12.00
# Visual Studio Version 17
VisualStudioVersion = 17.7.34031.279
MinimumVisualStudioVersion = 10.0.40219.1
Project("{888888A0-9F3D-457C-B088-3A5042F75D52}") = "valet-parking-system", "valet-parking-system.pyproj", "{4EA82977-8340-4818-867E-1A58476B7C6E}"
EndProject
Global
	GlobalSection(SolutionConfigurationPlatforms) = preSolution
		Debug|Any CPU = Debug|Any CPU
		Release|Any CPU = Release|Any CPU
	EndGlobalSection
	GlobalSection(ProjectConfigurationPlatforms) = postSolution
		{4EA82977-8340-4818-867E-1A58476B7C6E}.Debug|Any CPU.ActiveCfg = Debug|Any CPU
		{4EA82977-8340-4818-867E-1A58476B7C6E}.Release|Any CPU.ActiveCfg = Release|Any CPU
	EndGlobalSection
	GlobalSection(SolutionProperties) = preSolution
		HideSolutionNode = FALSE
	EndGlobalSection
	GlobalSection(ExtensibilityGlobals) = postSolution
		SolutionGuid = {63E102DC-4EEA-472F-BFE1-4110534AB75B}
	EndGlobalSection
EndGlobal
